
Microsoft Visual Studio Solution File, Format Version 12.00
# Visual Studio Version 16
VisualStudioVersion = 16.0.30225.117
MinimumVisualStudioVersion = 10.0.40219.1
Project("{2150E333-8FDC-42A3-9474-1A3956D46DE8}") = "HelloWorld", "HelloWorld", "{90D40D1F-726C-4F69-87D5-BFDC106DAAF6}"
EndProject
Project("{9A19103F-16F7-4668-BE54-9A1E7A4F7556}") = "Receive", "helloworld\Receive\Receive.csproj", "{6C757E41-1C50-42E7-8E1F-7FF3FD9571B6}"
EndProject
Project("{9A19103F-16F7-4668-BE54-9A1E7A4F7556}") = "Send", "helloworld\Send\Send.csproj", "{0DE8E636-ABF6-46F0-A5E1-59B78A8A701A}"
EndProject
Project("{2150E333-8FDC-42A3-9474-1A3956D46DE8}") = "WorkQueues", "WorkQueues", "{8BD071A2-0918-4336-B705-6806421EE029}"
EndProject
Project("{9A19103F-16F7-4668-BE54-9A1E7A4F7556}") = "NewTask", "Workqueues\NewTask\NewTask.csproj", "{5D9B5529-96D9-4B53-98B6-4B4C375697E0}"
EndProject
Project("{9A19103F-16F7-4668-BE54-9A1E7A4F7556}") = "Worker", "Workqueues\Worker\Worker.csproj", "{8E2679A9-9618-4F10-A1CB-304B55FEE5B8}"
EndProject
Project("{2150E333-8FDC-42A3-9474-1A3956D46DE8}") = "Publish_Subscribe", "Publish_Subscribe", "{720B5B28-59B7-4963-8860-5872C50AB564}"
EndProject
Project("{9A19103F-16F7-4668-BE54-9A1E7A4F7556}") = "EmitLog", "Publish_Subscribe\EmitLog\EmitLog.csproj", "{FE0D8A59-29FC-4659-9DF2-24361C1C9F4F}"
EndProject
Project("{9A19103F-16F7-4668-BE54-9A1E7A4F7556}") = "ReceiveLog", "Publish_Subscribe\ReceiveLog\ReceiveLog.csproj", "{1BEECFDA-B2B6-421B-B0B5-2BEA325638FE}"
EndProject
Project("{2150E333-8FDC-42A3-9474-1A3956D46DE8}") = "Routing", "Routing", "{B303B4BA-33A1-4518-9437-D29ADDA278A8}"
EndProject
Project("{FAE04EC0-301F-11D3-BF4B-00C04F79EFBC}") = "EmitLogRouting", "Routing\EmitLogRouting\EmitLogRouting.csproj", "{B25B7ACC-766D-4D0C-9D36-037F526F3FA8}"
EndProject
Project("{FAE04EC0-301F-11D3-BF4B-00C04F79EFBC}") = "ReceiveLogRouting", "Routing\ReceiveLogRouting\ReceiveLogRouting.csproj", "{DF7BD6D3-BB25-4405-8967-7F39C3FD8A9B}"
EndProject
Project("{2150E333-8FDC-42A3-9474-1A3956D46DE8}") = "Topics", "Topics", "{E2B3C4DE-F83D-47EF-B613-B60FCB3A08EC}"
EndProject
Project("{FAE04EC0-301F-11D3-BF4B-00C04F79EFBC}") = "EmitLogTopic", "Topics\EmitLogTopic\EmitLogTopic.csproj", "{41F14FE9-E55D-418B-BF07-0C624B666012}"
EndProject
Project("{FAE04EC0-301F-11D3-BF4B-00C04F79EFBC}") = "ReceiveLogsTopic", "Topics\ReceiveLogsTopic\ReceiveLogsTopic.csproj", "{182E3A82-9E9F-4EC9-8D3B-B7F85F2F9DAD}"
EndProject
Project("{2150E333-8FDC-42A3-9474-1A3956D46DE8}") = "RPC", "RPC", "{7EF527D1-F7F4-4337-A9EF-2D12BB7728AF}"
EndProject
Project("{FAE04EC0-301F-11D3-BF4B-00C04F79EFBC}") = "RPCClient", "RPC\RPCClient\RPCClient.csproj", "{96123B14-3567-4903-B468-0D5D7C0388FB}"
EndProject
Project("{FAE04EC0-301F-11D3-BF4B-00C04F79EFBC}") = "RPCServer", "RPC\RPCServer\RPCServer.csproj", "{65F33C8C-4CF8-402B-B10C-216A6950757E}"
EndProject
Global
	GlobalSection(SolutionConfigurationPlatforms) = preSolution
		Debug|Any CPU = Debug|Any CPU
		Release|Any CPU = Release|Any CPU
	EndGlobalSection
	GlobalSection(ProjectConfigurationPlatforms) = postSolution
		{6C757E41-1C50-42E7-8E1F-7FF3FD9571B6}.Debug|Any CPU.ActiveCfg = Debug|Any CPU
		{6C757E41-1C50-42E7-8E1F-7FF3FD9571B6}.Debug|Any CPU.Build.0 = Debug|Any CPU
		{6C757E41-1C50-42E7-8E1F-7FF3FD9571B6}.Release|Any CPU.ActiveCfg = Release|Any CPU
		{6C757E41-1C50-42E7-8E1F-7FF3FD9571B6}.Release|Any CPU.Build.0 = Release|Any CPU
		{0DE8E636-ABF6-46F0-A5E1-59B78A8A701A}.Debug|Any CPU.ActiveCfg = Debug|Any CPU
		{0DE8E636-ABF6-46F0-A5E1-59B78A8A701A}.Debug|Any CPU.Build.0 = Debug|Any CPU
		{0DE8E636-ABF6-46F0-A5E1-59B78A8A701A}.Release|Any CPU.ActiveCfg = Release|Any CPU
		{0DE8E636-ABF6-46F0-A5E1-59B78A8A701A}.Release|Any CPU.Build.0 = Release|Any CPU
		{5D9B5529-96D9-4B53-98B6-4B4C375697E0}.Debug|Any CPU.ActiveCfg = Debug|Any CPU
		{5D9B5529-96D9-4B53-98B6-4B4C375697E0}.Debug|Any CPU.Build.0 = Debug|Any CPU
		{5D9B5529-96D9-4B53-98B6-4B4C375697E0}.Release|Any CPU.ActiveCfg = Release|Any CPU
		{5D9B5529-96D9-4B53-98B6-4B4C375697E0}.Release|Any CPU.Build.0 = Release|Any CPU
		{8E2679A9-9618-4F10-A1CB-304B55FEE5B8}.Debug|Any CPU.ActiveCfg = Debug|Any CPU
		{8E2679A9-9618-4F10-A1CB-304B55FEE5B8}.Debug|Any CPU.Build.0 = Debug|Any CPU
		{8E2679A9-9618-4F10-A1CB-304B55FEE5B8}.Release|Any CPU.ActiveCfg = Release|Any CPU
		{8E2679A9-9618-4F10-A1CB-304B55FEE5B8}.Release|Any CPU.Build.0 = Release|Any CPU
		{FE0D8A59-29FC-4659-9DF2-24361C1C9F4F}.Debug|Any CPU.ActiveCfg = Debug|Any CPU
		{FE0D8A59-29FC-4659-9DF2-24361C1C9F4F}.Debug|Any CPU.Build.0 = Debug|Any CPU
		{FE0D8A59-29FC-4659-9DF2-24361C1C9F4F}.Release|Any CPU.ActiveCfg = Release|Any CPU
		{FE0D8A59-29FC-4659-9DF2-24361C1C9F4F}.Release|Any CPU.Build.0 = Release|Any CPU
		{1BEECFDA-B2B6-421B-B0B5-2BEA325638FE}.Debug|Any CPU.ActiveCfg = Debug|Any CPU
		{1BEECFDA-B2B6-421B-B0B5-2BEA325638FE}.Debug|Any CPU.Build.0 = Debug|Any CPU
		{1BEECFDA-B2B6-421B-B0B5-2BEA325638FE}.Release|Any CPU.ActiveCfg = Release|Any CPU
		{1BEECFDA-B2B6-421B-B0B5-2BEA325638FE}.Release|Any CPU.Build.0 = Release|Any CPU
		{B25B7ACC-766D-4D0C-9D36-037F526F3FA8}.Debug|Any CPU.ActiveCfg = Debug|Any CPU
		{B25B7ACC-766D-4D0C-9D36-037F526F3FA8}.Debug|Any CPU.Build.0 = Debug|Any CPU
		{B25B7ACC-766D-4D0C-9D36-037F526F3FA8}.Release|Any CPU.ActiveCfg = Release|Any CPU
		{B25B7ACC-766D-4D0C-9D36-037F526F3FA8}.Release|Any CPU.Build.0 = Release|Any CPU
		{DF7BD6D3-BB25-4405-8967-7F39C3FD8A9B}.Debug|Any CPU.ActiveCfg = Debug|Any CPU
		{DF7BD6D3-BB25-4405-8967-7F39C3FD8A9B}.Debug|Any CPU.Build.0 = Debug|Any CPU
		{DF7BD6D3-BB25-4405-8967-7F39C3FD8A9B}.Release|Any CPU.ActiveCfg = Release|Any CPU
		{DF7BD6D3-BB25-4405-8967-7F39C3FD8A9B}.Release|Any CPU.Build.0 = Release|Any CPU
		{41F14FE9-E55D-418B-BF07-0C624B666012}.Debug|Any CPU.ActiveCfg = Debug|Any CPU
		{41F14FE9-E55D-418B-BF07-0C624B666012}.Debug|Any CPU.Build.0 = Debug|Any CPU
		{41F14FE9-E55D-418B-BF07-0C624B666012}.Release|Any CPU.ActiveCfg = Release|Any CPU
		{41F14FE9-E55D-418B-BF07-0C624B666012}.Release|Any CPU.Build.0 = Release|Any CPU
		{182E3A82-9E9F-4EC9-8D3B-B7F85F2F9DAD}.Debug|Any CPU.ActiveCfg = Debug|Any CPU
		{182E3A82-9E9F-4EC9-8D3B-B7F85F2F9DAD}.Debug|Any CPU.Build.0 = Debug|Any CPU
		{182E3A82-9E9F-4EC9-8D3B-B7F85F2F9DAD}.Release|Any CPU.ActiveCfg = Release|Any CPU
		{182E3A82-9E9F-4EC9-8D3B-B7F85F2F9DAD}.Release|Any CPU.Build.0 = Release|Any CPU
		{96123B14-3567-4903-B468-0D5D7C0388FB}.Debug|Any CPU.ActiveCfg = Debug|Any CPU
		{96123B14-3567-4903-B468-0D5D7C0388FB}.Debug|Any CPU.Build.0 = Debug|Any CPU
		{96123B14-3567-4903-B468-0D5D7C0388FB}.Release|Any CPU.ActiveCfg = Release|Any CPU
		{96123B14-3567-4903-B468-0D5D7C0388FB}.Release|Any CPU.Build.0 = Release|Any CPU
		{65F33C8C-4CF8-402B-B10C-216A6950757E}.Debug|Any CPU.ActiveCfg = Debug|Any CPU
		{65F33C8C-4CF8-402B-B10C-216A6950757E}.Debug|Any CPU.Build.0 = Debug|Any CPU
		{65F33C8C-4CF8-402B-B10C-216A6950757E}.Release|Any CPU.ActiveCfg = Release|Any CPU
		{65F33C8C-4CF8-402B-B10C-216A6950757E}.Release|Any CPU.Build.0 = Release|Any CPU
	EndGlobalSection
	GlobalSection(SolutionProperties) = preSolution
		HideSolutionNode = FALSE
	EndGlobalSection
	GlobalSection(NestedProjects) = preSolution
		{6C757E41-1C50-42E7-8E1F-7FF3FD9571B6} = {90D40D1F-726C-4F69-87D5-BFDC106DAAF6}
		{0DE8E636-ABF6-46F0-A5E1-59B78A8A701A} = {90D40D1F-726C-4F69-87D5-BFDC106DAAF6}
		{5D9B5529-96D9-4B53-98B6-4B4C375697E0} = {8BD071A2-0918-4336-B705-6806421EE029}
		{8E2679A9-9618-4F10-A1CB-304B55FEE5B8} = {8BD071A2-0918-4336-B705-6806421EE029}
		{FE0D8A59-29FC-4659-9DF2-24361C1C9F4F} = {720B5B28-59B7-4963-8860-5872C50AB564}
		{1BEECFDA-B2B6-421B-B0B5-2BEA325638FE} = {720B5B28-59B7-4963-8860-5872C50AB564}
		{B25B7ACC-766D-4D0C-9D36-037F526F3FA8} = {B303B4BA-33A1-4518-9437-D29ADDA278A8}
		{DF7BD6D3-BB25-4405-8967-7F39C3FD8A9B} = {B303B4BA-33A1-4518-9437-D29ADDA278A8}
		{41F14FE9-E55D-418B-BF07-0C624B666012} = {E2B3C4DE-F83D-47EF-B613-B60FCB3A08EC}
		{182E3A82-9E9F-4EC9-8D3B-B7F85F2F9DAD} = {E2B3C4DE-F83D-47EF-B613-B60FCB3A08EC}
		{96123B14-3567-4903-B468-0D5D7C0388FB} = {7EF527D1-F7F4-4337-A9EF-2D12BB7728AF}
		{65F33C8C-4CF8-402B-B10C-216A6950757E} = {7EF527D1-F7F4-4337-A9EF-2D12BB7728AF}
	EndGlobalSection
	GlobalSection(ExtensibilityGlobals) = postSolution
		SolutionGuid = {A6454D7A-6A1D-44C8-9EE0-E3CCC5A6B987}
	EndGlobalSection
EndGlobal
